{
  "version": 4,
  "terraform_version": "1.5.6",
  "serial": 125,
  "lineage": "3a2cc26a-ed01-8efa-b506-64dd923950a4",
  "outputs": {},
  "resources": [
    {
      "module": "module.eks",
      "mode": "managed",
      "type": "aws_cloudwatch_log_group",
      "name": "log",
      "provider": "provider[\"registry.terraform.io/hashicorp/aws\"]",
      "instances": [
        {
          "schema_version": 0,
          "attributes": {
            "arn": "arn:aws:logs:us-east-1:982615904320:log-group:/aws/eks/fullcycle-cursofc/cluster",
            "id": "/aws/eks/fullcycle-cursofc/cluster",
            "kms_key_id": "",
            "name": "/aws/eks/fullcycle-cursofc/cluster",
            "name_prefix": "",
            "retention_in_days": 30,
            "skip_destroy": false,
            "tags": null,
            "tags_all": {}
          },
          "sensitive_attributes": [],
          "private": "bnVsbA=="
        }
      ]
    },
    {
      "module": "module.eks",
      "mode": "managed",
      "type": "aws_eks_cluster",
      "name": "cluster",
      "provider": "provider[\"registry.terraform.io/hashicorp/aws\"]",
      "instances": [
        {
          "schema_version": 0,
          "attributes": {
            "arn": "arn:aws:eks:us-east-1:982615904320:cluster/fullcycle-cursofc",
            "certificate_authority": [
              {
                "data": "LS0tLS1CRUdJTiBDRVJUSUZJQ0FURS0tLS0tCk1JSURCVENDQWUyZ0F3SUJBZ0lJVkVhZXBLQUpES013RFFZSktvWklodmNOQVFFTEJRQXdGVEVUTUJFR0ExVUUKQXhNS2EzVmlaWEp1WlhSbGN6QWVGdzB5TkRBeE1EUXhNVEV6TWpaYUZ3MHpOREF4TURFeE1URTRNalphTUJVeApFekFSQmdOVkJBTVRDbXQxWW1WeWJtVjBaWE13Z2dFaU1BMEdDU3FHU0liM0RRRUJBUVVBQTRJQkR3QXdnZ0VLCkFvSUJBUURLTm5nSWFNWkc1SU5zMXQ4aTIwb2ViOHRIcGg5VEt5MnhDdE55QmZUM256a1daY0V0QkdoditETloKV2hzcVkvcWlFN2oxa2hwcE1hbXgvdytLOFFiZFBYRXZXaFZTNnN4S1E4dUhLQ094TDdpb2xLVS80OVZLVjI0cQptYU1XV2RmUVZpUUE0dlFFdWIxMVFRWGF6a0hsOHRieU5naFZWK3NtZ01Ea3VkMGpMZUN1bTRFQlBUTjY2MUw0CjZEckNYcWZDcjg1VTRmMjVJTHpVYjdpNFAxQ0VVUEgvVXlidkpYd3NxbzJjMGZ1NG5id3FEVFppNVhRMlJJKzIKS1ByQUZjVytLY1dxY3dOM3ZmWFNYVmVxZlZ3di83bHpQUTZkeHpVVmsxQ2ZkSTlMcXE3UEIzL1dRbHJGUjBjOAp2V3hOQVY0SHVWSGNzYzlxL1RibDFnTzhSVHF2QWdNQkFBR2pXVEJYTUE0R0ExVWREd0VCL3dRRUF3SUNwREFQCkJnTlZIUk1CQWY4RUJUQURBUUgvTUIwR0ExVWREZ1FXQkJUaTJkVjIwWUNOa1dJY080U3R5QWhzcWs1by96QVYKQmdOVkhSRUVEakFNZ2dwcmRXSmxjbTVsZEdWek1BMEdDU3FHU0liM0RRRUJDd1VBQTRJQkFRQS8wN1JFRTRFQwpMNnM2K0hkSzBETGQydXlBak03U3NPc3RGcEYzY3JoeU5BVjBJcXVEYkVpRjFWOUFGT2ZGclZKR3JVRUt0TWF4Cjd0WU9uUWYzd1NsNWtiaW5XQW5qRHVyVU1DdmU4YURlbXRERVJpRDVibGVzZnM2MFRjTFN6N3I1dGJrWFIwaU8KT1hUaTI3V0UrM0dFWm5yLzNWZEFSK3pXNmFGZm40QitzUi9kWXVOMHEyc0d2dVBpVDBvYXhFUXliZkxxK29oZgpRMmVlQmpjOHhmamxzNzFaMFhyOFJ6VTg0Ym93eVF5VGlyYnRXVG4zemxNNFlKUXY2WkRlOWhaVFdodGN1VVZECmNXdGd4c2hQUUd1V200Q0Q3V2dpeVIzakJiQ2VtQlVDc213amowK3Q4eUxCeWtnTzdGdlhnS1VzSFlGVzAzNGoKUDZFVEloSFUwU1d4Ci0tLS0tRU5EIENFUlRJRklDQVRFLS0tLS0K"
              }
            ],
            "cluster_id": null,
            "created_at": "2024-01-04 11:13:41.628 +0000 UTC",
            "enabled_cluster_log_types": [
              "api",
              "audit"
            ],
            "encryption_config": [],
            "endpoint": "https://B5BF501E30DC6E6F5689C2F08F82AE4F.gr7.us-east-1.eks.amazonaws.com",
            "id": "fullcycle-cursofc",
            "identity": [
              {
                "oidc": [
                  {
                    "issuer": "https://oidc.eks.us-east-1.amazonaws.com/id/B5BF501E30DC6E6F5689C2F08F82AE4F"
                  }
                ]
              }
            ],
            "kubernetes_network_config": [
              {
                "ip_family": "ipv4",
                "service_ipv4_cidr": "172.20.0.0/16",
                "service_ipv6_cidr": ""
              }
            ],
            "name": "fullcycle-cursofc",
            "outpost_config": [],
            "platform_version": "eks.6",
            "role_arn": "arn:aws:iam::982615904320:role/fullcycle-cursofc-role",
            "status": "ACTIVE",
            "tags": null,
            "tags_all": {},
            "timeouts": null,
            "version": "1.28",
            "vpc_config": [
              {
                "cluster_security_group_id": "sg-08414f8a5706e51dd",
                "endpoint_private_access": false,
                "endpoint_public_access": true,
                "public_access_cidrs": [
                  "0.0.0.0/0"
                ],
                "security_group_ids": [
                  "sg-045c559293ec28fca"
                ],
                "subnet_ids": [
                  "subnet-01bee65164efb797f",
                  "subnet-08fa4dfdbf575f811"
                ],
                "vpc_id": "vpc-02b369fc66034f6ab"
              }
            ]
          },
          "sensitive_attributes": [],
          "private": "eyJlMmJmYjczMC1lY2FhLTExZTYtOGY4OC0zNDM2M2JjN2M0YzAiOnsiY3JlYXRlIjoxODAwMDAwMDAwMDAwLCJkZWxldGUiOjkwMDAwMDAwMDAwMCwidXBkYXRlIjozNjAwMDAwMDAwMDAwfX0=",
          "dependencies": [
            "module.eks.aws_cloudwatch_log_group.log",
            "module.eks.aws_iam_role.cluster",
            "module.eks.aws_iam_role_policy_attachment.cluster-AmazonEKSServicePolicy",
            "module.eks.aws_iam_role_policy_attachment.cluster-AmazonEKSVPCResourceController",
            "module.eks.aws_security_group.sg",
            "module.new_vpc.aws_subnet.subnets",
            "module.new_vpc.aws_vpc.new_vpc",
            "module.new_vpc.data.aws_availability_zones.available"
          ]
        }
      ]
    },
    {
      "module": "module.eks",
      "mode": "managed",
      "type": "aws_eks_node_group",
      "name": "node-1",
      "provider": "provider[\"registry.terraform.io/hashicorp/aws\"]",
      "instances": [
        {
          "schema_version": 0,
          "attributes": {
            "ami_type": "AL2_x86_64",
            "arn": "arn:aws:eks:us-east-1:982615904320:nodegroup/fullcycle-cursofc/node-1/44c66a1a-c9b6-b1de-8815-06ae32536806",
            "capacity_type": "ON_DEMAND",
            "cluster_name": "fullcycle-cursofc",
            "disk_size": 20,
            "force_update_version": null,
            "id": "fullcycle-cursofc:node-1",
            "instance_types": [
              "t3.micro"
            ],
            "labels": null,
            "launch_template": [],
            "node_group_name": "node-1",
            "node_group_name_prefix": "",
            "node_role_arn": "arn:aws:iam::982615904320:role/fullcycle-cursofc-role-node",
            "release_version": "1.28.3-20231230",
            "remote_access": [],
            "resources": [
              {
                "autoscaling_groups": [
                  {
                    "name": "eks-node-1-44c66a1a-c9b6-b1de-8815-06ae32536806"
                  }
                ],
                "remote_access_security_group_id": ""
              }
            ],
            "scaling_config": [
              {
                "desired_size": 2,
                "max_size": 4,
                "min_size": 2
              }
            ],
            "status": "ACTIVE",
            "subnet_ids": [
              "subnet-01bee65164efb797f",
              "subnet-08fa4dfdbf575f811"
            ],
            "tags": null,
            "tags_all": {},
            "taint": [],
            "timeouts": null,
            "update_config": [
              {
                "max_unavailable": 1,
                "max_unavailable_percentage": 0
              }
            ],
            "version": "1.28"
          },
          "sensitive_attributes": [],
          "private": "eyJlMmJmYjczMC1lY2FhLTExZTYtOGY4OC0zNDM2M2JjN2M0YzAiOnsiY3JlYXRlIjozNjAwMDAwMDAwMDAwLCJkZWxldGUiOjM2MDAwMDAwMDAwMDAsInVwZGF0ZSI6MzYwMDAwMDAwMDAwMH19",
          "dependencies": [
            "module.eks.aws_cloudwatch_log_group.log",
            "module.eks.aws_eks_cluster.cluster",
            "module.eks.aws_iam_role.cluster",
            "module.eks.aws_iam_role.node",
            "module.eks.aws_iam_role_policy_attachment.cluster-AmazonEKSServicePolicy",
            "module.eks.aws_iam_role_policy_attachment.cluster-AmazonEKSVPCResourceController",
            "module.eks.aws_iam_role_policy_attachment.node-AmazonEC2ContainerRegistryReadOnly",
            "module.eks.aws_iam_role_policy_attachment.node-AmazonEKSWorkerNodePolicy",
            "module.eks.aws_iam_role_policy_attachment.node-AmazonEKS_CNI_Policy",
            "module.eks.aws_security_group.sg",
            "module.new_vpc.aws_subnet.subnets",
            "module.new_vpc.aws_vpc.new_vpc",
            "module.new_vpc.data.aws_availability_zones.available"
          ]
        }
      ]
    },
    {
      "module": "module.eks",
      "mode": "managed",
      "type": "aws_iam_role",
      "name": "cluster",
      "provider": "provider[\"registry.terraform.io/hashicorp/aws\"]",
      "instances": [
        {
          "schema_version": 0,
          "attributes": {
            "arn": "arn:aws:iam::982615904320:role/fullcycle-cursofc-role",
            "assume_role_policy": "{\"Statement\":[{\"Action\":\"sts:AssumeRole\",\"Effect\":\"Allow\",\"Principal\":{\"Service\":\"eks.amazonaws.com\"}}],\"Version\":\"2012-10-17\"}",
            "create_date": "2024-01-04T11:13:25Z",
            "description": "",
            "force_detach_policies": false,
            "id": "fullcycle-cursofc-role",
            "inline_policy": [],
            "managed_policy_arns": [],
            "max_session_duration": 3600,
            "name": "fullcycle-cursofc-role",
            "name_prefix": "",
            "path": "/",
            "permissions_boundary": "",
            "tags": null,
            "tags_all": {},
            "unique_id": "AROA6JSDY2BACH6D6CRZY"
          },
          "sensitive_attributes": [],
          "private": "bnVsbA=="
        }
      ]
    },
    {
      "module": "module.eks",
      "mode": "managed",
      "type": "aws_iam_role",
      "name": "node",
      "provider": "provider[\"registry.terraform.io/hashicorp/aws\"]",
      "instances": [
        {
          "schema_version": 0,
          "attributes": {
            "arn": "arn:aws:iam::982615904320:role/fullcycle-cursofc-role-node",
            "assume_role_policy": "{\"Statement\":[{\"Action\":\"sts:AssumeRole\",\"Effect\":\"Allow\",\"Principal\":{\"Service\":\"ec2.amazonaws.com\"}}],\"Version\":\"2012-10-17\"}",
            "create_date": "2024-01-04T11:13:25Z",
            "description": "",
            "force_detach_policies": false,
            "id": "fullcycle-cursofc-role-node",
            "inline_policy": [],
            "managed_policy_arns": [],
            "max_session_duration": 3600,
            "name": "fullcycle-cursofc-role-node",
            "name_prefix": "",
            "path": "/",
            "permissions_boundary": "",
            "tags": null,
            "tags_all": {},
            "unique_id": "AROA6JSDY2BAAI3BQQAZ3"
          },
          "sensitive_attributes": [],
          "private": "bnVsbA=="
        }
      ]
    },
    {
      "module": "module.eks",
      "mode": "managed",
      "type": "aws_iam_role_policy_attachment",
      "name": "cluster-AmazonEKSServicePolicy",
      "provider": "provider[\"registry.terraform.io/hashicorp/aws\"]",
      "instances": [
        {
          "schema_version": 0,
          "attributes": {
            "id": "fullcycle-cursofc-role-20240104111326136000000005",
            "policy_arn": "arn:aws:iam::aws:policy/AmazonEKSServicePolicy",
            "role": "fullcycle-cursofc-role"
          },
          "sensitive_attributes": [],
          "private": "bnVsbA==",
          "dependencies": [
            "module.eks.aws_iam_role.cluster"
          ]
        }
      ]
    },
    {
      "module": "module.eks",
      "mode": "managed",
      "type": "aws_iam_role_policy_attachment",
      "name": "cluster-AmazonEKSVPCResourceController",
      "provider": "provider[\"registry.terraform.io/hashicorp/aws\"]",
      "instances": [
        {
          "schema_version": 0,
          "attributes": {
            "id": "fullcycle-cursofc-role-20240104111326032900000004",
            "policy_arn": "arn:aws:iam::aws:policy/AmazonEKSVPCResourceController",
            "role": "fullcycle-cursofc-role"
          },
          "sensitive_attributes": [],
          "private": "bnVsbA==",
          "dependencies": [
            "module.eks.aws_iam_role.cluster"
          ]
        }
      ]
    },
    {
      "module": "module.eks",
      "mode": "managed",
      "type": "aws_iam_role_policy_attachment",
      "name": "node-AmazonEC2ContainerRegistryReadOnly",
      "provider": "provider[\"registry.terraform.io/hashicorp/aws\"]",
      "instances": [
        {
          "schema_version": 0,
          "attributes": {
            "id": "fullcycle-cursofc-role-node-20240104111325797900000001",
            "policy_arn": "arn:aws:iam::aws:policy/AmazonEC2ContainerRegistryReadOnly",
            "role": "fullcycle-cursofc-role-node"
          },
          "sensitive_attributes": [],
          "private": "bnVsbA==",
          "dependencies": [
            "module.eks.aws_iam_role.node"
          ]
        }
      ]
    },
    {
      "module": "module.eks",
      "mode": "managed",
      "type": "aws_iam_role_policy_attachment",
      "name": "node-AmazonEKSWorkerNodePolicy",
      "provider": "provider[\"registry.terraform.io/hashicorp/aws\"]",
      "instances": [
        {
          "schema_version": 0,
          "attributes": {
            "id": "fullcycle-cursofc-role-node-20240104111325846700000002",
            "policy_arn": "arn:aws:iam::aws:policy/AmazonEKSWorkerNodePolicy",
            "role": "fullcycle-cursofc-role-node"
          },
          "sensitive_attributes": [],
          "private": "bnVsbA==",
          "dependencies": [
            "module.eks.aws_iam_role.node"
          ]
        }
      ]
    },
    {
      "module": "module.eks",
      "mode": "managed",
      "type": "aws_iam_role_policy_attachment",
      "name": "node-AmazonEKS_CNI_Policy",
      "provider": "provider[\"registry.terraform.io/hashicorp/aws\"]",
      "instances": [
        {
          "schema_version": 0,
          "attributes": {
            "id": "fullcycle-cursofc-role-node-20240104111326001700000003",
            "policy_arn": "arn:aws:iam::aws:policy/AmazonEKS_CNI_Policy",
            "role": "fullcycle-cursofc-role-node"
          },
          "sensitive_attributes": [],
          "private": "bnVsbA==",
          "dependencies": [
            "module.eks.aws_iam_role.node"
          ]
        }
      ]
    },
    {
      "module": "module.eks",
      "mode": "managed",
      "type": "aws_security_group",
      "name": "sg",
      "provider": "provider[\"registry.terraform.io/hashicorp/aws\"]",
      "instances": [
        {
          "schema_version": 1,
          "attributes": {
            "arn": "arn:aws:ec2:us-east-1:982615904320:security-group/sg-045c559293ec28fca",
            "description": "Managed by Terraform",
            "egress": [
              {
                "cidr_blocks": [
                  "0.0.0.0/0"
                ],
                "description": "",
                "from_port": 0,
                "ipv6_cidr_blocks": [],
                "prefix_list_ids": [],
                "protocol": "-1",
                "security_groups": [],
                "self": false,
                "to_port": 0
              }
            ],
            "id": "sg-045c559293ec28fca",
            "ingress": [],
            "name": "terraform-20240104111326897200000006",
            "name_prefix": "terraform-",
            "owner_id": "982615904320",
            "revoke_rules_on_delete": false,
            "tags": {
              "Name": "fullcycle-sg"
            },
            "tags_all": {
              "Name": "fullcycle-sg"
            },
            "timeouts": null,
            "vpc_id": "vpc-02b369fc66034f6ab"
          },
          "sensitive_attributes": [],
          "private": "eyJlMmJmYjczMC1lY2FhLTExZTYtOGY4OC0zNDM2M2JjN2M0YzAiOnsiY3JlYXRlIjo2MDAwMDAwMDAwMDAsImRlbGV0ZSI6OTAwMDAwMDAwMDAwfSwic2NoZW1hX3ZlcnNpb24iOiIxIn0=",
          "dependencies": [
            "module.new_vpc.aws_vpc.new_vpc"
          ]
        }
      ]
    },
    {
      "module": "module.eks",
      "mode": "managed",
      "type": "local_file",
      "name": "kubeconfig",
      "provider": "provider[\"registry.terraform.io/hashicorp/local\"]",
      "instances": [
        {
          "schema_version": 0,
          "attributes": {
            "content": "apiVersion: v1\nclusters:\n- cluster:\n    certificate-authority-data: LS0tLS1CRUdJTiBDRVJUSUZJQ0FURS0tLS0tCk1JSURCVENDQWUyZ0F3SUJBZ0lJVkVhZXBLQUpES013RFFZSktvWklodmNOQVFFTEJRQXdGVEVUTUJFR0ExVUUKQXhNS2EzVmlaWEp1WlhSbGN6QWVGdzB5TkRBeE1EUXhNVEV6TWpaYUZ3MHpOREF4TURFeE1URTRNalphTUJVeApFekFSQmdOVkJBTVRDbXQxWW1WeWJtVjBaWE13Z2dFaU1BMEdDU3FHU0liM0RRRUJBUVVBQTRJQkR3QXdnZ0VLCkFvSUJBUURLTm5nSWFNWkc1SU5zMXQ4aTIwb2ViOHRIcGg5VEt5MnhDdE55QmZUM256a1daY0V0QkdoditETloKV2hzcVkvcWlFN2oxa2hwcE1hbXgvdytLOFFiZFBYRXZXaFZTNnN4S1E4dUhLQ094TDdpb2xLVS80OVZLVjI0cQptYU1XV2RmUVZpUUE0dlFFdWIxMVFRWGF6a0hsOHRieU5naFZWK3NtZ01Ea3VkMGpMZUN1bTRFQlBUTjY2MUw0CjZEckNYcWZDcjg1VTRmMjVJTHpVYjdpNFAxQ0VVUEgvVXlidkpYd3NxbzJjMGZ1NG5id3FEVFppNVhRMlJJKzIKS1ByQUZjVytLY1dxY3dOM3ZmWFNYVmVxZlZ3di83bHpQUTZkeHpVVmsxQ2ZkSTlMcXE3UEIzL1dRbHJGUjBjOAp2V3hOQVY0SHVWSGNzYzlxL1RibDFnTzhSVHF2QWdNQkFBR2pXVEJYTUE0R0ExVWREd0VCL3dRRUF3SUNwREFQCkJnTlZIUk1CQWY4RUJUQURBUUgvTUIwR0ExVWREZ1FXQkJUaTJkVjIwWUNOa1dJY080U3R5QWhzcWs1by96QVYKQmdOVkhSRUVEakFNZ2dwcmRXSmxjbTVsZEdWek1BMEdDU3FHU0liM0RRRUJDd1VBQTRJQkFRQS8wN1JFRTRFQwpMNnM2K0hkSzBETGQydXlBak03U3NPc3RGcEYzY3JoeU5BVjBJcXVEYkVpRjFWOUFGT2ZGclZKR3JVRUt0TWF4Cjd0WU9uUWYzd1NsNWtiaW5XQW5qRHVyVU1DdmU4YURlbXRERVJpRDVibGVzZnM2MFRjTFN6N3I1dGJrWFIwaU8KT1hUaTI3V0UrM0dFWm5yLzNWZEFSK3pXNmFGZm40QitzUi9kWXVOMHEyc0d2dVBpVDBvYXhFUXliZkxxK29oZgpRMmVlQmpjOHhmamxzNzFaMFhyOFJ6VTg0Ym93eVF5VGlyYnRXVG4zemxNNFlKUXY2WkRlOWhaVFdodGN1VVZECmNXdGd4c2hQUUd1V200Q0Q3V2dpeVIzakJiQ2VtQlVDc213amowK3Q4eUxCeWtnTzdGdlhnS1VzSFlGVzAzNGoKUDZFVEloSFUwU1d4Ci0tLS0tRU5EIENFUlRJRklDQVRFLS0tLS0K\n    server: https://B5BF501E30DC6E6F5689C2F08F82AE4F.gr7.us-east-1.eks.amazonaws.com\n  name: kubernetes\ncontexts:\n- context:\n    cluster: kubernetes\n    user: \"fullcycle-cursofc\"\n  name: \"fullcycle-cursofc\"\ncurrent-context: \"fullcycle-cursofc\"\nkind: Config\npreferences: {}\nusers:\n- name: \"fullcycle-cursofc\"\n  user:\n    exec:\n      apiVersion: client.authentication.k8s.io/v1alpha1\n      command: aws-iam-authenticator\n      args:\n      - \"token\"\n      - \"-i\"\n      - \"fullcycle-cursofc\"\n",
            "content_base64": null,
            "content_base64sha256": "r22hthsuCRKCGZtpyCajUii0QK2BnByU8hSRgikju00=",
            "content_base64sha512": "0LTsl++v9WVRsvuJq5OVV9S7b5wP2s8uSwF0KsZ6yvk02JOzy5i13MkhGXU9+RP6Qz6nCrTkAbu41smOasPxLA==",
            "content_md5": "cd153218d48907f7f2114cbdbaff0f8f",
            "content_sha1": "e76ed302f56082c83c77d6a09a9a225cf4da3e11",
            "content_sha256": "af6da1b61b2e091282199b69c826a35228b440ad819c1c94f21491822923bb4d",
            "content_sha512": "d0b4ec97efaff56551b2fb89ab939557d4bb6f9c0fdacf2e4b01742ac67acaf934d893b3cb98b5dcc92119753df913fa433ea70ab4e401bbb8d6c98e6ac3f12c",
            "directory_permission": "0777",
            "file_permission": "0777",
            "filename": "kubeconfig",
            "id": "e76ed302f56082c83c77d6a09a9a225cf4da3e11",
            "sensitive_content": null,
            "source": null
          },
          "sensitive_attributes": [],
          "dependencies": [
            "module.eks.aws_cloudwatch_log_group.log",
            "module.eks.aws_eks_cluster.cluster",
            "module.eks.aws_iam_role.cluster",
            "module.eks.aws_iam_role_policy_attachment.cluster-AmazonEKSServicePolicy",
            "module.eks.aws_iam_role_policy_attachment.cluster-AmazonEKSVPCResourceController",
            "module.eks.aws_security_group.sg",
            "module.new_vpc.aws_subnet.subnets",
            "module.new_vpc.aws_vpc.new_vpc",
            "module.new_vpc.data.aws_availability_zones.available"
          ]
        }
      ]
    },
    {
      "module": "module.new_vpc",
      "mode": "data",
      "type": "aws_availability_zones",
      "name": "available",
      "provider": "provider[\"registry.terraform.io/hashicorp/aws\"]",
      "instances": [
        {
          "schema_version": 0,
          "attributes": {
            "all_availability_zones": null,
            "exclude_names": null,
            "exclude_zone_ids": null,
            "filter": null,
            "group_names": [
              "us-east-1"
            ],
            "id": "us-east-1",
            "names": [
              "us-east-1a",
              "us-east-1b",
              "us-east-1c",
              "us-east-1d",
              "us-east-1e",
              "us-east-1f"
            ],
            "state": null,
            "timeouts": null,
            "zone_ids": [
              "use1-az4",
              "use1-az6",
              "use1-az1",
              "use1-az2",
              "use1-az3",
              "use1-az5"
            ]
          },
          "sensitive_attributes": []
        }
      ]
    },
    {
      "module": "module.new_vpc",
      "mode": "managed",
      "type": "aws_internet_gateway",
      "name": "new_igw",
      "provider": "provider[\"registry.terraform.io/hashicorp/aws\"]",
      "instances": [
        {
          "schema_version": 0,
          "attributes": {
            "arn": "arn:aws:ec2:us-east-1:982615904320:internet-gateway/igw-085d5611d7348eaec",
            "id": "igw-085d5611d7348eaec",
            "owner_id": "982615904320",
            "tags": {
              "Name": "fullcycle-igw"
            },
            "tags_all": {
              "Name": "fullcycle-igw"
            },
            "timeouts": null,
            "vpc_id": "vpc-02b369fc66034f6ab"
          },
          "sensitive_attributes": [],
          "private": "eyJlMmJmYjczMC1lY2FhLTExZTYtOGY4OC0zNDM2M2JjN2M0YzAiOnsiY3JlYXRlIjoxMjAwMDAwMDAwMDAwLCJkZWxldGUiOjEyMDAwMDAwMDAwMDAsInVwZGF0ZSI6MTIwMDAwMDAwMDAwMH19",
          "dependencies": [
            "module.new_vpc.aws_vpc.new_vpc"
          ]
        }
      ]
    },
    {
      "module": "module.new_vpc",
      "mode": "managed",
      "type": "aws_route_table",
      "name": "new-rtb",
      "provider": "provider[\"registry.terraform.io/hashicorp/aws\"]",
      "instances": [
        {
          "schema_version": 0,
          "attributes": {
            "arn": "arn:aws:ec2:us-east-1:982615904320:route-table/rtb-091f050023695a094",
            "id": "rtb-091f050023695a094",
            "owner_id": "982615904320",
            "propagating_vgws": [],
            "route": [
              {
                "carrier_gateway_id": "",
                "cidr_block": "0.0.0.0/0",
                "core_network_arn": "",
                "destination_prefix_list_id": "",
                "egress_only_gateway_id": "",
                "gateway_id": "igw-085d5611d7348eaec",
                "ipv6_cidr_block": "",
                "local_gateway_id": "",
                "nat_gateway_id": "",
                "network_interface_id": "",
                "transit_gateway_id": "",
                "vpc_endpoint_id": "",
                "vpc_peering_connection_id": ""
              }
            ],
            "tags": {
              "Name": "fullcycle-rtb"
            },
            "tags_all": {
              "Name": "fullcycle-rtb"
            },
            "timeouts": null,
            "vpc_id": "vpc-02b369fc66034f6ab"
          },
          "sensitive_attributes": [],
          "private": "eyJlMmJmYjczMC1lY2FhLTExZTYtOGY4OC0zNDM2M2JjN2M0YzAiOnsiY3JlYXRlIjozMDAwMDAwMDAwMDAsImRlbGV0ZSI6MzAwMDAwMDAwMDAwLCJ1cGRhdGUiOjEyMDAwMDAwMDAwMH19",
          "dependencies": [
            "module.new_vpc.aws_internet_gateway.new_igw",
            "module.new_vpc.aws_vpc.new_vpc"
          ]
        }
      ]
    },
    {
      "module": "module.new_vpc",
      "mode": "managed",
      "type": "aws_route_table_association",
      "name": "new_rtb_association",
      "provider": "provider[\"registry.terraform.io/hashicorp/aws\"]",
      "instances": [
        {
          "index_key": 0,
          "schema_version": 0,
          "attributes": {
            "gateway_id": "",
            "id": "rtbassoc-08cfefb16c9a4a2c5",
            "route_table_id": "rtb-091f050023695a094",
            "subnet_id": "subnet-01bee65164efb797f",
            "timeouts": null
          },
          "sensitive_attributes": [],
          "private": "eyJlMmJmYjczMC1lY2FhLTExZTYtOGY4OC0zNDM2M2JjN2M0YzAiOnsiY3JlYXRlIjozMDAwMDAwMDAwMDAsImRlbGV0ZSI6MzAwMDAwMDAwMDAwLCJ1cGRhdGUiOjEyMDAwMDAwMDAwMH19",
          "dependencies": [
            "module.new_vpc.aws_internet_gateway.new_igw",
            "module.new_vpc.aws_route_table.new-rtb",
            "module.new_vpc.aws_subnet.subnets",
            "module.new_vpc.aws_vpc.new_vpc",
            "module.new_vpc.data.aws_availability_zones.available"
          ]
        },
        {
          "index_key": 1,
          "schema_version": 0,
          "attributes": {
            "gateway_id": "",
            "id": "rtbassoc-05a0913a8e7a77028",
            "route_table_id": "rtb-091f050023695a094",
            "subnet_id": "subnet-08fa4dfdbf575f811",
            "timeouts": null
          },
          "sensitive_attributes": [],
          "private": "eyJlMmJmYjczMC1lY2FhLTExZTYtOGY4OC0zNDM2M2JjN2M0YzAiOnsiY3JlYXRlIjozMDAwMDAwMDAwMDAsImRlbGV0ZSI6MzAwMDAwMDAwMDAwLCJ1cGRhdGUiOjEyMDAwMDAwMDAwMH19",
          "dependencies": [
            "module.new_vpc.aws_internet_gateway.new_igw",
            "module.new_vpc.aws_route_table.new-rtb",
            "module.new_vpc.aws_subnet.subnets",
            "module.new_vpc.aws_vpc.new_vpc",
            "module.new_vpc.data.aws_availability_zones.available"
          ]
        }
      ]
    },
    {
      "module": "module.new_vpc",
      "mode": "managed",
      "type": "aws_subnet",
      "name": "subnets",
      "provider": "provider[\"registry.terraform.io/hashicorp/aws\"]",
      "instances": [
        {
          "index_key": 0,
          "schema_version": 1,
          "attributes": {
            "arn": "arn:aws:ec2:us-east-1:982615904320:subnet/subnet-01bee65164efb797f",
            "assign_ipv6_address_on_creation": false,
            "availability_zone": "us-east-1a",
            "availability_zone_id": "use1-az4",
            "cidr_block": "10.0.0.0/24",
            "customer_owned_ipv4_pool": "",
            "enable_dns64": false,
            "enable_lni_at_device_index": 0,
            "enable_resource_name_dns_a_record_on_launch": false,
            "enable_resource_name_dns_aaaa_record_on_launch": false,
            "id": "subnet-01bee65164efb797f",
            "ipv6_cidr_block": "",
            "ipv6_cidr_block_association_id": "",
            "ipv6_native": false,
            "map_customer_owned_ip_on_launch": false,
            "map_public_ip_on_launch": true,
            "outpost_arn": "",
            "owner_id": "982615904320",
            "private_dns_hostname_type_on_launch": "ip-name",
            "tags": {
              "Name": "fullcycle-subnet-0"
            },
            "tags_all": {
              "Name": "fullcycle-subnet-0"
            },
            "timeouts": null,
            "vpc_id": "vpc-02b369fc66034f6ab"
          },
          "sensitive_attributes": [],
          "private": "eyJlMmJmYjczMC1lY2FhLTExZTYtOGY4OC0zNDM2M2JjN2M0YzAiOnsiY3JlYXRlIjo2MDAwMDAwMDAwMDAsImRlbGV0ZSI6MTIwMDAwMDAwMDAwMH0sInNjaGVtYV92ZXJzaW9uIjoiMSJ9",
          "dependencies": [
            "module.new_vpc.aws_vpc.new_vpc",
            "module.new_vpc.data.aws_availability_zones.available"
          ]
        },
        {
          "index_key": 1,
          "schema_version": 1,
          "attributes": {
            "arn": "arn:aws:ec2:us-east-1:982615904320:subnet/subnet-08fa4dfdbf575f811",
            "assign_ipv6_address_on_creation": false,
            "availability_zone": "us-east-1b",
            "availability_zone_id": "use1-az6",
            "cidr_block": "10.0.1.0/24",
            "customer_owned_ipv4_pool": "",
            "enable_dns64": false,
            "enable_lni_at_device_index": 0,
            "enable_resource_name_dns_a_record_on_launch": false,
            "enable_resource_name_dns_aaaa_record_on_launch": false,
            "id": "subnet-08fa4dfdbf575f811",
            "ipv6_cidr_block": "",
            "ipv6_cidr_block_association_id": "",
            "ipv6_native": false,
            "map_customer_owned_ip_on_launch": false,
            "map_public_ip_on_launch": true,
            "outpost_arn": "",
            "owner_id": "982615904320",
            "private_dns_hostname_type_on_launch": "ip-name",
            "tags": {
              "Name": "fullcycle-subnet-1"
            },
            "tags_all": {
              "Name": "fullcycle-subnet-1"
            },
            "timeouts": null,
            "vpc_id": "vpc-02b369fc66034f6ab"
          },
          "sensitive_attributes": [],
          "private": "eyJlMmJmYjczMC1lY2FhLTExZTYtOGY4OC0zNDM2M2JjN2M0YzAiOnsiY3JlYXRlIjo2MDAwMDAwMDAwMDAsImRlbGV0ZSI6MTIwMDAwMDAwMDAwMH0sInNjaGVtYV92ZXJzaW9uIjoiMSJ9",
          "dependencies": [
            "module.new_vpc.aws_vpc.new_vpc",
            "module.new_vpc.data.aws_availability_zones.available"
          ]
        }
      ]
    },
    {
      "module": "module.new_vpc",
      "mode": "managed",
      "type": "aws_vpc",
      "name": "new_vpc",
      "provider": "provider[\"registry.terraform.io/hashicorp/aws\"]",
      "instances": [
        {
          "schema_version": 1,
          "attributes": {
            "arn": "arn:aws:ec2:us-east-1:982615904320:vpc/vpc-02b369fc66034f6ab",
            "assign_generated_ipv6_cidr_block": false,
            "cidr_block": "10.0.0.0/16",
            "default_network_acl_id": "acl-0b9f844d010a3b1d5",
            "default_route_table_id": "rtb-00f0a57b103b5d5dc",
            "default_security_group_id": "sg-0e3dc5203f5d0f59a",
            "dhcp_options_id": "dopt-0e0067f182221988f",
            "enable_dns_hostnames": false,
            "enable_dns_support": true,
            "enable_network_address_usage_metrics": false,
            "id": "vpc-02b369fc66034f6ab",
            "instance_tenancy": "default",
            "ipv4_ipam_pool_id": null,
            "ipv4_netmask_length": null,
            "ipv6_association_id": "",
            "ipv6_cidr_block": "",
            "ipv6_cidr_block_network_border_group": "",
            "ipv6_ipam_pool_id": "",
            "ipv6_netmask_length": 0,
            "main_route_table_id": "rtb-00f0a57b103b5d5dc",
            "owner_id": "982615904320",
            "tags": {
              "Name": "fullcycle_vpc"
            },
            "tags_all": {
              "Name": "fullcycle_vpc"
            }
          },
          "sensitive_attributes": [],
          "private": "eyJzY2hlbWFfdmVyc2lvbiI6IjEifQ=="
        }
      ]
    }
  ],
  "check_results": null
}
